
Microsoft Visual Studio Solution File, Format Version 12.00
# Visual Studio Version 16
VisualStudioVersion = 16.0.31605.320
MinimumVisualStudioVersion = 10.0.40219.1
Project("{9A19103F-16F7-4668-BE54-9A1E7A4F7556}") = "Five", "Five\Five.csproj", "{3C433394-8F67-47A6-8C70-2F7D0F6107EE}"
EndProject
Project("{9A19103F-16F7-4668-BE54-9A1E7A4F7556}") = "FivePage", "FivePage\FivePage.csproj", "{01058FC9-03D5-4019-86D4-EEC813164EDF}"
EndProject
Project("{9A19103F-16F7-4668-BE54-9A1E7A4F7556}") = "SignalRDemo", "SignalRDemo\SignalRDemo.csproj", "{C8A54342-A99B-4370-B6DE-FCF34683A7B5}"
EndProject
Project("{9A19103F-16F7-4668-BE54-9A1E7A4F7556}") = "FiveApi", "FiveApi\FiveApi.csproj", "{513B6C1F-8E33-4035-8FD0-64D40B91D0B5}"
EndProject
Project("{9A19103F-16F7-4668-BE54-9A1E7A4F7556}") = "EFCoreDemo.Domain", "EFCoreDemo.Domain\EFCoreDemo.Domain.csproj", "{CA9C3EA8-B73D-4E06-BD50-DFEFFA5D2084}"
EndProject
Project("{9A19103F-16F7-4668-BE54-9A1E7A4F7556}") = "EFCoreDemo.Data", "EFCoreDemo.Data\EFCoreDemo.Data.csproj", "{D8C0F49F-1D7D-47D7-BE14-0F2C192C5104}"
EndProject
Project("{9A19103F-16F7-4668-BE54-9A1E7A4F7556}") = "EFCoreDemo.App", "EFCoreDemo.App\EFCoreDemo.App.csproj", "{28074DCD-1B8B-4CAD-BB0F-5B4782634AEB}"
EndProject
Project("{FAE04EC0-301F-11D3-BF4B-00C04F79EFBC}") = "EFCoreDemo.Web", "EFCoreDemo.Web\EFCoreDemo.Web.csproj", "{CF161C9E-AC96-4850-87EC-34BC3A3EA5A7}"
EndProject
Global
	GlobalSection(SolutionConfigurationPlatforms) = preSolution
		Debug|Any CPU = Debug|Any CPU
		Release|Any CPU = Release|Any CPU
	EndGlobalSection
	GlobalSection(ProjectConfigurationPlatforms) = postSolution
		{3C433394-8F67-47A6-8C70-2F7D0F6107EE}.Debug|Any CPU.ActiveCfg = Debug|Any CPU
		{3C433394-8F67-47A6-8C70-2F7D0F6107EE}.Debug|Any CPU.Build.0 = Debug|Any CPU
		{3C433394-8F67-47A6-8C70-2F7D0F6107EE}.Release|Any CPU.ActiveCfg = Release|Any CPU
		{3C433394-8F67-47A6-8C70-2F7D0F6107EE}.Release|Any CPU.Build.0 = Release|Any CPU
		{01058FC9-03D5-4019-86D4-EEC813164EDF}.Debug|Any CPU.ActiveCfg = Debug|Any CPU
		{01058FC9-03D5-4019-86D4-EEC813164EDF}.Debug|Any CPU.Build.0 = Debug|Any CPU
		{01058FC9-03D5-4019-86D4-EEC813164EDF}.Release|Any CPU.ActiveCfg = Release|Any CPU
		{01058FC9-03D5-4019-86D4-EEC813164EDF}.Release|Any CPU.Build.0 = Release|Any CPU
		{C8A54342-A99B-4370-B6DE-FCF34683A7B5}.Debug|Any CPU.ActiveCfg = Debug|Any CPU
		{C8A54342-A99B-4370-B6DE-FCF34683A7B5}.Debug|Any CPU.Build.0 = Debug|Any CPU
		{C8A54342-A99B-4370-B6DE-FCF34683A7B5}.Release|Any CPU.ActiveCfg = Release|Any CPU
		{C8A54342-A99B-4370-B6DE-FCF34683A7B5}.Release|Any CPU.Build.0 = Release|Any CPU
		{513B6C1F-8E33-4035-8FD0-64D40B91D0B5}.Debug|Any CPU.ActiveCfg = Debug|Any CPU
		{513B6C1F-8E33-4035-8FD0-64D40B91D0B5}.Debug|Any CPU.Build.0 = Debug|Any CPU
		{513B6C1F-8E33-4035-8FD0-64D40B91D0B5}.Release|Any CPU.ActiveCfg = Release|Any CPU
		{513B6C1F-8E33-4035-8FD0-64D40B91D0B5}.Release|Any CPU.Build.0 = Release|Any CPU
		{CA9C3EA8-B73D-4E06-BD50-DFEFFA5D2084}.Debug|Any CPU.ActiveCfg = Debug|Any CPU
		{CA9C3EA8-B73D-4E06-BD50-DFEFFA5D2084}.Debug|Any CPU.Build.0 = Debug|Any CPU
		{CA9C3EA8-B73D-4E06-BD50-DFEFFA5D2084}.Release|Any CPU.ActiveCfg = Release|Any CPU
		{CA9C3EA8-B73D-4E06-BD50-DFEFFA5D2084}.Release|Any CPU.Build.0 = Release|Any CPU
		{D8C0F49F-1D7D-47D7-BE14-0F2C192C5104}.Debug|Any CPU.ActiveCfg = Debug|Any CPU
		{D8C0F49F-1D7D-47D7-BE14-0F2C192C5104}.Debug|Any CPU.Build.0 = Debug|Any CPU
		{D8C0F49F-1D7D-47D7-BE14-0F2C192C5104}.Release|Any CPU.ActiveCfg = Release|Any CPU
		{D8C0F49F-1D7D-47D7-BE14-0F2C192C5104}.Release|Any CPU.Build.0 = Release|Any CPU
		{28074DCD-1B8B-4CAD-BB0F-5B4782634AEB}.Debug|Any CPU.ActiveCfg = Debug|Any CPU
		{28074DCD-1B8B-4CAD-BB0F-5B4782634AEB}.Debug|Any CPU.Build.0 = Debug|Any CPU
		{28074DCD-1B8B-4CAD-BB0F-5B4782634AEB}.Release|Any CPU.ActiveCfg = Release|Any CPU
		{28074DCD-1B8B-4CAD-BB0F-5B4782634AEB}.Release|Any CPU.Build.0 = Release|Any CPU
		{CF161C9E-AC96-4850-87EC-34BC3A3EA5A7}.Debug|Any CPU.ActiveCfg = Debug|Any CPU
		{CF161C9E-AC96-4850-87EC-34BC3A3EA5A7}.Debug|Any CPU.Build.0 = Debug|Any CPU
		{CF161C9E-AC96-4850-87EC-34BC3A3EA5A7}.Release|Any CPU.ActiveCfg = Release|Any CPU
		{CF161C9E-AC96-4850-87EC-34BC3A3EA5A7}.Release|Any CPU.Build.0 = Release|Any CPU
	EndGlobalSection
	GlobalSection(SolutionProperties) = preSolution
		HideSolutionNode = FALSE
	EndGlobalSection
	GlobalSection(ExtensibilityGlobals) = postSolution
		SolutionGuid = {C4C3605C-1D02-4320-9AB1-FF47FA715A78}
	EndGlobalSection
EndGlobal
